
Microsoft Visual Studio Solution File, Format Version 12.00
# Visual Studio Version 16
VisualStudioVersion = 16.0.31702.278
MinimumVisualStudioVersion = 10.0.40219.1
Project("{FAE04EC0-301F-11D3-BF4B-00C04F79EFBC}") = "Sfml gaem", "Sfml gaem\Sfml gaem.csproj", "{5EF09E16-5CA3-4C97-8CEA-C57DDEE46990}"
EndProject
Global
	GlobalSection(SolutionConfigurationPlatforms) = preSolution
		Debug|Any CPU = Debug|Any CPU
		Release|Any CPU = Release|Any CPU
	EndGlobalSection
	GlobalSection(ProjectConfigurationPlatforms) = postSolution
		{5EF09E16-5CA3-4C97-8CEA-C57DDEE46990}.Debug|Any CPU.ActiveCfg = Debug|Any CPU
		{5EF09E16-5CA3-4C97-8CEA-C57DDEE46990}.Debug|Any CPU.Build.0 = Debug|Any CPU
		{5EF09E16-5CA3-4C97-8CEA-C57DDEE46990}.Release|Any CPU.ActiveCfg = Release|Any CPU
		{5EF09E16-5CA3-4C97-8CEA-C57DDEE46990}.Release|Any CPU.Build.0 = Release|Any CPU
	EndGlobalSection
	GlobalSection(SolutionProperties) = preSolution
		HideSolutionNode = FALSE
	EndGlobalSection
	GlobalSection(ExtensibilityGlobals) = postSolution
		SolutionGuid = {F5883496-57C0-4792-8C9D-3BF19D812578}
	EndGlobalSection
EndGlobal
